// !$*UTF8*$!
{
	archiveVersion = 1;
	classes = {
	};
	objectVersion = 55;
	objects = {

/* Begin PBXBuildFile section */
		880FC0312770965500491371 /* LaunchView.swift in Sources */ = {isa = PBXBuildFile; fileRef = 880FC0302770965500491371 /* LaunchView.swift */; };
		880FC0332770965C00491371 /* LaunchViewModel.swift in Sources */ = {isa = PBXBuildFile; fileRef = 880FC0322770965C00491371 /* LaunchViewModel.swift */; };
		880FC0352770966500491371 /* LaunchViewController.swift in Sources */ = {isa = PBXBuildFile; fileRef = 880FC0342770966500491371 /* LaunchViewController.swift */; };
		880FC03B277096EB00491371 /* AppCoordinator.swift in Sources */ = {isa = PBXBuildFile; fileRef = 880FC03A277096EB00491371 /* AppCoordinator.swift */; };
		880FC03E2770972800491371 /* Coordinator.swift in Sources */ = {isa = PBXBuildFile; fileRef = 880FC03D2770972800491371 /* Coordinator.swift */; };
		885090812770C32C0038B225 /* NavigationController.swift in Sources */ = {isa = PBXBuildFile; fileRef = 885090802770C32C0038B225 /* NavigationController.swift */; };
		885090842770C71F0038B225 /* UIViewController+Extensions.swift in Sources */ = {isa = PBXBuildFile; fileRef = 885090832770C71F0038B225 /* UIViewController+Extensions.swift */; };
		885090862770C8B10038B225 /* Launch Screen.storyboard in Resources */ = {isa = PBXBuildFile; fileRef = 885090852770C8B10038B225 /* Launch Screen.storyboard */; };
		885090882770C9770038B225 /* LaunchState.swift in Sources */ = {isa = PBXBuildFile; fileRef = 885090872770C9770038B225 /* LaunchState.swift */; };
		8850908B2770CBE10038B225 /* BaseCoordinator.swift in Sources */ = {isa = PBXBuildFile; fileRef = 8850908A2770CBE10038B225 /* BaseCoordinator.swift */; };
		8850908D2770CBE90038B225 /* SharedCoordinator.swift in Sources */ = {isa = PBXBuildFile; fileRef = 8850908C2770CBE90038B225 /* SharedCoordinator.swift */; };
		885090902770CE350038B225 /* HomeViewController.swift in Sources */ = {isa = PBXBuildFile; fileRef = 8850908F2770CE350038B225 /* HomeViewController.swift */; };
		885090922770CF4E0038B225 /* HomeView.swift in Sources */ = {isa = PBXBuildFile; fileRef = 885090912770CF4E0038B225 /* HomeView.swift */; };
		885090942770D52B0038B225 /* HomeViewModel.swift in Sources */ = {isa = PBXBuildFile; fileRef = 885090932770D52B0038B225 /* HomeViewModel.swift */; };
		885090972770D6500038B225 /* ARViewController.swift in Sources */ = {isa = PBXBuildFile; fileRef = 885090962770D6500038B225 /* ARViewController.swift */; };
		8850909A2770DF400038B225 /* OnboardingCoordinator.swift in Sources */ = {isa = PBXBuildFile; fileRef = 885090992770DF400038B225 /* OnboardingCoordinator.swift */; };
		8850909E2770E0200038B225 /* OnboardingFactory.swift in Sources */ = {isa = PBXBuildFile; fileRef = 8850909D2770E0200038B225 /* OnboardingFactory.swift */; };
		885090A02770E1B30038B225 /* OnboardingManager.swift in Sources */ = {isa = PBXBuildFile; fileRef = 8850909F2770E1B30038B225 /* OnboardingManager.swift */; };
		885090A32770E3A60038B225 /* KeychainItem.swift in Sources */ = {isa = PBXBuildFile; fileRef = 885090A22770E3A60038B225 /* KeychainItem.swift */; };
		885090A52770E3DF0038B225 /* String+Extensions.swift in Sources */ = {isa = PBXBuildFile; fileRef = 885090A42770E3DF0038B225 /* String+Extensions.swift */; };
		885090A72770E5AD0038B225 /* OnboardingViewModel.swift in Sources */ = {isa = PBXBuildFile; fileRef = 885090A62770E5AD0038B225 /* OnboardingViewModel.swift */; };
		885090A92770E61B0038B225 /* Bindable.swift in Sources */ = {isa = PBXBuildFile; fileRef = 885090A82770E61B0038B225 /* Bindable.swift */; };
		885090AB2770E75E0038B225 /* OnboardingViewController.swift in Sources */ = {isa = PBXBuildFile; fileRef = 885090AA2770E75E0038B225 /* OnboardingViewController.swift */; };
		885090AE2770F9E60038B225 /* OnboardingPageViewModel.swift in Sources */ = {isa = PBXBuildFile; fileRef = 885090AD2770F9E60038B225 /* OnboardingPageViewModel.swift */; };
		885090B02770FAE90038B225 /* OnboardingPageViewController.swift in Sources */ = {isa = PBXBuildFile; fileRef = 885090AF2770FAE90038B225 /* OnboardingPageViewController.swift */; };
		885090B32770FDB40038B225 /* OnboardingConsentViewController.swift in Sources */ = {isa = PBXBuildFile; fileRef = 885090B22770FDB40038B225 /* OnboardingConsentViewController.swift */; };
		885090B52770FE0D0038B225 /* OnboardingConsentViewModel.swift in Sources */ = {isa = PBXBuildFile; fileRef = 885090B42770FE0D0038B225 /* OnboardingConsentViewModel.swift */; };
		885090B82771003C0038B225 /* PageViewController.swift in Sources */ = {isa = PBXBuildFile; fileRef = 885090B72771003C0038B225 /* PageViewController.swift */; };
		88BA0B3E2771CE600093544E /* OnboardingView.swift in Sources */ = {isa = PBXBuildFile; fileRef = 88BA0B3D2771CE600093544E /* OnboardingView.swift */; };
		88BA0B402771CE770093544E /* BaseView.swift in Sources */ = {isa = PBXBuildFile; fileRef = 88BA0B3F2771CE770093544E /* BaseView.swift */; };
		88BA0B422771D09A0093544E /* Button.swift in Sources */ = {isa = PBXBuildFile; fileRef = 88BA0B412771D09A0093544E /* Button.swift */; };
		88BA0B442771D1E50093544E /* UIEdgeInsets+Extensions.swift in Sources */ = {isa = PBXBuildFile; fileRef = 88BA0B432771D1E50093544E /* UIEdgeInsets+Extensions.swift */; };
		88BA0B462771D40B0093544E /* Haptic.swift in Sources */ = {isa = PBXBuildFile; fileRef = 88BA0B452771D40B0093544E /* Haptic.swift */; };
		88BA0B482771D6430093544E /* UIDevice+Extensions.swift in Sources */ = {isa = PBXBuildFile; fileRef = 88BA0B472771D6430093544E /* UIDevice+Extensions.swift */; };
		88BA0B4A2771DA750093544E /* Services.swift in Sources */ = {isa = PBXBuildFile; fileRef = 88BA0B492771DA750093544E /* Services.swift */; };
		88BA0B4C2771DE030093544E /* UIBarButtonItem+Extensions.swift in Sources */ = {isa = PBXBuildFile; fileRef = 88BA0B4B2771DE030093544E /* UIBarButtonItem+Extensions.swift */; };
		88BA0B4E2771E8BA0093544E /* OnboardingPageView.swift in Sources */ = {isa = PBXBuildFile; fileRef = 88BA0B4D2771E8BA0093544E /* OnboardingPageView.swift */; };
		88BA0B502771FB490093544E /* ARViewModel.swift in Sources */ = {isa = PBXBuildFile; fileRef = 88BA0B4F2771FB480093544E /* ARViewModel.swift */; };
		88E0BB6F276B732300AA7511 /* AppDelegate.swift in Sources */ = {isa = PBXBuildFile; fileRef = 88E0BB6E276B732300AA7511 /* AppDelegate.swift */; };
		88E0BB71276B732300AA7511 /* SceneDelegate.swift in Sources */ = {isa = PBXBuildFile; fileRef = 88E0BB70276B732300AA7511 /* SceneDelegate.swift */; };
		88E0BB78276B732700AA7511 /* Assets.xcassets in Resources */ = {isa = PBXBuildFile; fileRef = 88E0BB77276B732700AA7511 /* Assets.xcassets */; };
/* End PBXBuildFile section */

/* Begin PBXFileReference section */
		880FC0302770965500491371 /* LaunchView.swift */ = {isa = PBXFileReference; lastKnownFileType = sourcecode.swift; path = LaunchView.swift; sourceTree = "<group>"; };
		880FC0322770965C00491371 /* LaunchViewModel.swift */ = {isa = PBXFileReference; lastKnownFileType = sourcecode.swift; path = LaunchViewModel.swift; sourceTree = "<group>"; };
		880FC0342770966500491371 /* LaunchViewController.swift */ = {isa = PBXFileReference; lastKnownFileType = sourcecode.swift; path = LaunchViewController.swift; sourceTree = "<group>"; };
		880FC03A277096EB00491371 /* AppCoordinator.swift */ = {isa = PBXFileReference; lastKnownFileType = sourcecode.swift; path = AppCoordinator.swift; sourceTree = "<group>"; };
		880FC03D2770972800491371 /* Coordinator.swift */ = {isa = PBXFileReference; lastKnownFileType = sourcecode.swift; path = Coordinator.swift; sourceTree = "<group>"; };
		885090802770C32C0038B225 /* NavigationController.swift */ = {isa = PBXFileReference; lastKnownFileType = sourcecode.swift; path = NavigationController.swift; sourceTree = "<group>"; };
		885090832770C71F0038B225 /* UIViewController+Extensions.swift */ = {isa = PBXFileReference; lastKnownFileType = sourcecode.swift; path = "UIViewController+Extensions.swift"; sourceTree = "<group>"; };
		885090852770C8B10038B225 /* Launch Screen.storyboard */ = {isa = PBXFileReference; lastKnownFileType = file.storyboard; path = "Launch Screen.storyboard"; sourceTree = "<group>"; };
		885090872770C9770038B225 /* LaunchState.swift */ = {isa = PBXFileReference; lastKnownFileType = sourcecode.swift; path = LaunchState.swift; sourceTree = "<group>"; };
		8850908A2770CBE10038B225 /* BaseCoordinator.swift */ = {isa = PBXFileReference; lastKnownFileType = sourcecode.swift; path = BaseCoordinator.swift; sourceTree = "<group>"; };
		8850908C2770CBE90038B225 /* SharedCoordinator.swift */ = {isa = PBXFileReference; lastKnownFileType = sourcecode.swift; path = SharedCoordinator.swift; sourceTree = "<group>"; };
		8850908F2770CE350038B225 /* HomeViewController.swift */ = {isa = PBXFileReference; lastKnownFileType = sourcecode.swift; path = HomeViewController.swift; sourceTree = "<group>"; };
		885090912770CF4E0038B225 /* HomeView.swift */ = {isa = PBXFileReference; lastKnownFileType = sourcecode.swift; path = HomeView.swift; sourceTree = "<group>"; };
		885090932770D52B0038B225 /* HomeViewModel.swift */ = {isa = PBXFileReference; lastKnownFileType = sourcecode.swift; path = HomeViewModel.swift; sourceTree = "<group>"; };
		885090962770D6500038B225 /* ARViewController.swift */ = {isa = PBXFileReference; lastKnownFileType = sourcecode.swift; path = ARViewController.swift; sourceTree = "<group>"; };
		885090992770DF400038B225 /* OnboardingCoordinator.swift */ = {isa = PBXFileReference; lastKnownFileType = sourcecode.swift; path = OnboardingCoordinator.swift; sourceTree = "<group>"; };
		8850909D2770E0200038B225 /* OnboardingFactory.swift */ = {isa = PBXFileReference; lastKnownFileType = sourcecode.swift; path = OnboardingFactory.swift; sourceTree = "<group>"; };
		8850909F2770E1B30038B225 /* OnboardingManager.swift */ = {isa = PBXFileReference; lastKnownFileType = sourcecode.swift; path = OnboardingManager.swift; sourceTree = "<group>"; };
		885090A22770E3A60038B225 /* KeychainItem.swift */ = {isa = PBXFileReference; lastKnownFileType = sourcecode.swift; path = KeychainItem.swift; sourceTree = "<group>"; };
		885090A42770E3DF0038B225 /* String+Extensions.swift */ = {isa = PBXFileReference; lastKnownFileType = sourcecode.swift; path = "String+Extensions.swift"; sourceTree = "<group>"; };
		885090A62770E5AD0038B225 /* OnboardingViewModel.swift */ = {isa = PBXFileReference; lastKnownFileType = sourcecode.swift; path = OnboardingViewModel.swift; sourceTree = "<group>"; };
		885090A82770E61B0038B225 /* Bindable.swift */ = {isa = PBXFileReference; lastKnownFileType = sourcecode.swift; path = Bindable.swift; sourceTree = "<group>"; };
		885090AA2770E75E0038B225 /* OnboardingViewController.swift */ = {isa = PBXFileReference; lastKnownFileType = sourcecode.swift; path = OnboardingViewController.swift; sourceTree = "<group>"; };
		885090AD2770F9E60038B225 /* OnboardingPageViewModel.swift */ = {isa = PBXFileReference; lastKnownFileType = sourcecode.swift; path = OnboardingPageViewModel.swift; sourceTree = "<group>"; };
		885090AF2770FAE90038B225 /* OnboardingPageViewController.swift */ = {isa = PBXFileReference; lastKnownFileType = sourcecode.swift; path = OnboardingPageViewController.swift; sourceTree = "<group>"; };
		885090B22770FDB40038B225 /* OnboardingConsentViewController.swift */ = {isa = PBXFileReference; lastKnownFileType = sourcecode.swift; path = OnboardingConsentViewController.swift; sourceTree = "<group>"; };
		885090B42770FE0D0038B225 /* OnboardingConsentViewModel.swift */ = {isa = PBXFileReference; lastKnownFileType = sourcecode.swift; path = OnboardingConsentViewModel.swift; sourceTree = "<group>"; };
		885090B72771003C0038B225 /* PageViewController.swift */ = {isa = PBXFileReference; lastKnownFileType = sourcecode.swift; path = PageViewController.swift; sourceTree = "<group>"; };
		88BA0B3D2771CE600093544E /* OnboardingView.swift */ = {isa = PBXFileReference; lastKnownFileType = sourcecode.swift; path = OnboardingView.swift; sourceTree = "<group>"; };
		88BA0B3F2771CE770093544E /* BaseView.swift */ = {isa = PBXFileReference; lastKnownFileType = sourcecode.swift; path = BaseView.swift; sourceTree = "<group>"; };
		88BA0B412771D09A0093544E /* Button.swift */ = {isa = PBXFileReference; lastKnownFileType = sourcecode.swift; path = Button.swift; sourceTree = "<group>"; };
		88BA0B432771D1E50093544E /* UIEdgeInsets+Extensions.swift */ = {isa = PBXFileReference; lastKnownFileType = sourcecode.swift; path = "UIEdgeInsets+Extensions.swift"; sourceTree = "<group>"; };
		88BA0B452771D40B0093544E /* Haptic.swift */ = {isa = PBXFileReference; lastKnownFileType = sourcecode.swift; path = Haptic.swift; sourceTree = "<group>"; };
		88BA0B472771D6430093544E /* UIDevice+Extensions.swift */ = {isa = PBXFileReference; lastKnownFileType = sourcecode.swift; path = "UIDevice+Extensions.swift"; sourceTree = "<group>"; };
		88BA0B492771DA750093544E /* Services.swift */ = {isa = PBXFileReference; lastKnownFileType = sourcecode.swift; path = Services.swift; sourceTree = "<group>"; };
		88BA0B4B2771DE030093544E /* UIBarButtonItem+Extensions.swift */ = {isa = PBXFileReference; lastKnownFileType = sourcecode.swift; path = "UIBarButtonItem+Extensions.swift"; sourceTree = "<group>"; };
		88BA0B4D2771E8BA0093544E /* OnboardingPageView.swift */ = {isa = PBXFileReference; lastKnownFileType = sourcecode.swift; path = OnboardingPageView.swift; sourceTree = "<group>"; };
		88BA0B4F2771FB480093544E /* ARViewModel.swift */ = {isa = PBXFileReference; lastKnownFileType = sourcecode.swift; path = ARViewModel.swift; sourceTree = "<group>"; };
		88E0BB6B276B732300AA7511 /* CortinaGuide.app */ = {isa = PBXFileReference; explicitFileType = wrapper.application; includeInIndex = 0; path = CortinaGuide.app; sourceTree = BUILT_PRODUCTS_DIR; };
		88E0BB6E276B732300AA7511 /* AppDelegate.swift */ = {isa = PBXFileReference; lastKnownFileType = sourcecode.swift; path = AppDelegate.swift; sourceTree = "<group>"; };
		88E0BB70276B732300AA7511 /* SceneDelegate.swift */ = {isa = PBXFileReference; lastKnownFileType = sourcecode.swift; path = SceneDelegate.swift; sourceTree = "<group>"; };
		88E0BB77276B732700AA7511 /* Assets.xcassets */ = {isa = PBXFileReference; lastKnownFileType = folder.assetcatalog; path = Assets.xcassets; sourceTree = "<group>"; };
		88E0BB7C276B732700AA7511 /* Info.plist */ = {isa = PBXFileReference; lastKnownFileType = text.plist.xml; path = Info.plist; sourceTree = "<group>"; };
/* End PBXFileReference section */

/* Begin PBXFrameworksBuildPhase section */
		88E0BB68276B732300AA7511 /* Frameworks */ = {
			isa = PBXFrameworksBuildPhase;
			buildActionMask = 2147483647;
			files = (
			);
			runOnlyForDeploymentPostprocessing = 0;
		};
/* End PBXFrameworksBuildPhase section */

/* Begin PBXGroup section */
		880FC029277095E400491371 /* Configuration */ = {
			isa = PBXGroup;
			children = (
				88E0BB7C276B732700AA7511 /* Info.plist */,
			);
			path = Configuration;
			sourceTree = "<group>";
		};
		880FC02A277095EB00491371 /* Interface */ = {
			isa = PBXGroup;
			children = (
				885090982770DF330038B225 /* Onboarding */,
				885090952770D6470038B225 /* AR */,
				8850908E2770CE2B0038B225 /* Home */,
				8850907F2770C3220038B225 /* Common */,
				880FC036277096D000491371 /* Coordinator */,
				880FC02F2770964600491371 /* Launch */,
			);
			path = Interface;
			sourceTree = "<group>";
		};
		880FC02B277095F000491371 /* Infrastructure */ = {
			isa = PBXGroup;
			children = (
				885090A12770E39C0038B225 /* Utilities */,
				8850909B2770E00D0038B225 /* Services */,
				885090822770C7110038B225 /* Extensions */,
				880FC03C2770971A00491371 /* Model */,
				880FC02E2770963300491371 /* Resources */,
				880FC02D2770960800491371 /* Core */,
			);
			path = Infrastructure;
			sourceTree = "<group>";
		};
		880FC02D2770960800491371 /* Core */ = {
			isa = PBXGroup;
			children = (
				88E0BB6E276B732300AA7511 /* AppDelegate.swift */,
				88E0BB70276B732300AA7511 /* SceneDelegate.swift */,
			);
			path = Core;
			sourceTree = "<group>";
		};
		880FC02E2770963300491371 /* Resources */ = {
			isa = PBXGroup;
			children = (
				88E0BB77276B732700AA7511 /* Assets.xcassets */,
				885090852770C8B10038B225 /* Launch Screen.storyboard */,
			);
			path = Resources;
			sourceTree = "<group>";
		};
		880FC02F2770964600491371 /* Launch */ = {
			isa = PBXGroup;
			children = (
				880FC0302770965500491371 /* LaunchView.swift */,
				880FC0322770965C00491371 /* LaunchViewModel.swift */,
				880FC0342770966500491371 /* LaunchViewController.swift */,
			);
			path = Launch;
			sourceTree = "<group>";
		};
		880FC036277096D000491371 /* Coordinator */ = {
			isa = PBXGroup;
			children = (
				880FC03A277096EB00491371 /* AppCoordinator.swift */,
				8850908A2770CBE10038B225 /* BaseCoordinator.swift */,
				8850908C2770CBE90038B225 /* SharedCoordinator.swift */,
			);
			path = Coordinator;
			sourceTree = "<group>";
		};
		880FC03C2770971A00491371 /* Model */ = {
			isa = PBXGroup;
			children = (
				880FC03D2770972800491371 /* Coordinator.swift */,
				885090872770C9770038B225 /* LaunchState.swift */,
			);
			path = Model;
			sourceTree = "<group>";
		};
		8850907F2770C3220038B225 /* Common */ = {
			isa = PBXGroup;
			children = (
				885090B6277100290038B225 /* PageViewController */,
				885090802770C32C0038B225 /* NavigationController.swift */,
				88BA0B3F2771CE770093544E /* BaseView.swift */,
				88BA0B412771D09A0093544E /* Button.swift */,
			);
			path = Common;
			sourceTree = "<group>";
		};
		885090822770C7110038B225 /* Extensions */ = {
			isa = PBXGroup;
			children = (
				885090832770C71F0038B225 /* UIViewController+Extensions.swift */,
				885090A42770E3DF0038B225 /* String+Extensions.swift */,
				88BA0B432771D1E50093544E /* UIEdgeInsets+Extensions.swift */,
				88BA0B472771D6430093544E /* UIDevice+Extensions.swift */,
				88BA0B4B2771DE030093544E /* UIBarButtonItem+Extensions.swift */,
			);
			path = Extensions;
			sourceTree = "<group>";
		};
		8850908E2770CE2B0038B225 /* Home */ = {
			isa = PBXGroup;
			children = (
				8850908F2770CE350038B225 /* HomeViewController.swift */,
				885090912770CF4E0038B225 /* HomeView.swift */,
				885090932770D52B0038B225 /* HomeViewModel.swift */,
			);
			path = Home;
			sourceTree = "<group>";
		};
		885090952770D6470038B225 /* AR */ = {
			isa = PBXGroup;
			children = (
				885090962770D6500038B225 /* ARViewController.swift */,
				88BA0B4F2771FB480093544E /* ARViewModel.swift */,
			);
			path = AR;
			sourceTree = "<group>";
		};
		885090982770DF330038B225 /* Onboarding */ = {
			isa = PBXGroup;
			children = (
				885090B12770FDA20038B225 /* Consent */,
				885090AC2770F9DB0038B225 /* Page */,
				885090992770DF400038B225 /* OnboardingCoordinator.swift */,
				885090A62770E5AD0038B225 /* OnboardingViewModel.swift */,
				885090AA2770E75E0038B225 /* OnboardingViewController.swift */,
				88BA0B3D2771CE600093544E /* OnboardingView.swift */,
			);
			path = Onboarding;
			sourceTree = "<group>";
		};
		8850909B2770E00D0038B225 /* Services */ = {
			isa = PBXGroup;
			children = (
				8850909C2770E0120038B225 /* Onboarding */,
				88BA0B492771DA750093544E /* Services.swift */,
			);
			path = Services;
			sourceTree = "<group>";
		};
		8850909C2770E0120038B225 /* Onboarding */ = {
			isa = PBXGroup;
			children = (
				8850909D2770E0200038B225 /* OnboardingFactory.swift */,
				8850909F2770E1B30038B225 /* OnboardingManager.swift */,
			);
			path = Onboarding;
			sourceTree = "<group>";
		};
		885090A12770E39C0038B225 /* Utilities */ = {
			isa = PBXGroup;
			children = (
				885090A22770E3A60038B225 /* KeychainItem.swift */,
				885090A82770E61B0038B225 /* Bindable.swift */,
				88BA0B452771D40B0093544E /* Haptic.swift */,
			);
			path = Utilities;
			sourceTree = "<group>";
		};
		885090AC2770F9DB0038B225 /* Page */ = {
			isa = PBXGroup;
			children = (
				885090AD2770F9E60038B225 /* OnboardingPageViewModel.swift */,
				885090AF2770FAE90038B225 /* OnboardingPageViewController.swift */,
				88BA0B4D2771E8BA0093544E /* OnboardingPageView.swift */,
			);
			path = Page;
			sourceTree = "<group>";
		};
		885090B12770FDA20038B225 /* Consent */ = {
			isa = PBXGroup;
			children = (
				885090B22770FDB40038B225 /* OnboardingConsentViewController.swift */,
				885090B42770FE0D0038B225 /* OnboardingConsentViewModel.swift */,
			);
			path = Consent;
			sourceTree = "<group>";
		};
		885090B6277100290038B225 /* PageViewController */ = {
			isa = PBXGroup;
			children = (
				885090B72771003C0038B225 /* PageViewController.swift */,
			);
			path = PageViewController;
			sourceTree = "<group>";
		};
		88E0BB62276B732300AA7511 = {
			isa = PBXGroup;
			children = (
				88E0BB6D276B732300AA7511 /* CortinaGuide */,
				88E0BB6C276B732300AA7511 /* Products */,
			);
			sourceTree = "<group>";
		};
		88E0BB6C276B732300AA7511 /* Products */ = {
			isa = PBXGroup;
			children = (
				88E0BB6B276B732300AA7511 /* CortinaGuide.app */,
			);
			name = Products;
			sourceTree = "<group>";
		};
		88E0BB6D276B732300AA7511 /* CortinaGuide */ = {
			isa = PBXGroup;
			children = (
				880FC02B277095F000491371 /* Infrastructure */,
				880FC02A277095EB00491371 /* Interface */,
				880FC029277095E400491371 /* Configuration */,
			);
			path = CortinaGuide;
			sourceTree = "<group>";
		};
/* End PBXGroup section */

/* Begin PBXNativeTarget section */
		88E0BB6A276B732300AA7511 /* CortinaGuide */ = {
			isa = PBXNativeTarget;
			buildConfigurationList = 88E0BB7F276B732700AA7511 /* Build configuration list for PBXNativeTarget "CortinaGuide" */;
			buildPhases = (
				88E0BB67276B732300AA7511 /* Sources */,
				88E0BB68276B732300AA7511 /* Frameworks */,
				88E0BB69276B732300AA7511 /* Resources */,
			);
			buildRules = (
			);
			dependencies = (
			);
			name = CortinaGuide;
			productName = CortinaGuide;
			productReference = 88E0BB6B276B732300AA7511 /* CortinaGuide.app */;
			productType = "com.apple.product-type.application";
		};
/* End PBXNativeTarget section */

/* Begin PBXProject section */
		88E0BB63276B732300AA7511 /* Project object */ = {
			isa = PBXProject;
			attributes = {
				BuildIndependentTargetsInParallel = 1;
				LastSwiftUpdateCheck = 1320;
				LastUpgradeCheck = 1320;
				TargetAttributes = {
					88E0BB6A276B732300AA7511 = {
						CreatedOnToolsVersion = 13.2;
					};
				};
			};
			buildConfigurationList = 88E0BB66276B732300AA7511 /* Build configuration list for PBXProject "CortinaGuide" */;
			compatibilityVersion = "Xcode 13.0";
			developmentRegion = en;
			hasScannedForEncodings = 0;
			knownRegions = (
				en,
				Base,
			);
			mainGroup = 88E0BB62276B732300AA7511;
			productRefGroup = 88E0BB6C276B732300AA7511 /* Products */;
			projectDirPath = "";
			projectRoot = "";
			targets = (
				88E0BB6A276B732300AA7511 /* CortinaGuide */,
			);
		};
/* End PBXProject section */

/* Begin PBXResourcesBuildPhase section */
		88E0BB69276B732300AA7511 /* Resources */ = {
			isa = PBXResourcesBuildPhase;
			buildActionMask = 2147483647;
			files = (
				885090862770C8B10038B225 /* Launch Screen.storyboard in Resources */,
				88E0BB78276B732700AA7511 /* Assets.xcassets in Resources */,
			);
			runOnlyForDeploymentPostprocessing = 0;
		};
/* End PBXResourcesBuildPhase section */

/* Begin PBXSourcesBuildPhase section */
		88E0BB67276B732300AA7511 /* Sources */ = {
			isa = PBXSourcesBuildPhase;
			buildActionMask = 2147483647;
			files = (
				885090B52770FE0D0038B225 /* OnboardingConsentViewModel.swift in Sources */,
				885090B02770FAE90038B225 /* OnboardingPageViewController.swift in Sources */,
				880FC03B277096EB00491371 /* AppCoordinator.swift in Sources */,
				88BA0B422771D09A0093544E /* Button.swift in Sources */,
				88BA0B3E2771CE600093544E /* OnboardingView.swift in Sources */,
				885090922770CF4E0038B225 /* HomeView.swift in Sources */,
				885090812770C32C0038B225 /* NavigationController.swift in Sources */,
				885090972770D6500038B225 /* ARViewController.swift in Sources */,
				880FC0312770965500491371 /* LaunchView.swift in Sources */,
				885090A92770E61B0038B225 /* Bindable.swift in Sources */,
				885090A02770E1B30038B225 /* OnboardingManager.swift in Sources */,
				880FC0332770965C00491371 /* LaunchViewModel.swift in Sources */,
				88BA0B502771FB490093544E /* ARViewModel.swift in Sources */,
				885090882770C9770038B225 /* LaunchState.swift in Sources */,
				88BA0B482771D6430093544E /* UIDevice+Extensions.swift in Sources */,
				885090842770C71F0038B225 /* UIViewController+Extensions.swift in Sources */,
				88E0BB6F276B732300AA7511 /* AppDelegate.swift in Sources */,
				885090AE2770F9E60038B225 /* OnboardingPageViewModel.swift in Sources */,
				8850909E2770E0200038B225 /* OnboardingFactory.swift in Sources */,
				88E0BB71276B732300AA7511 /* SceneDelegate.swift in Sources */,
				885090A32770E3A60038B225 /* KeychainItem.swift in Sources */,
				885090B32770FDB40038B225 /* OnboardingConsentViewController.swift in Sources */,
				885090A52770E3DF0038B225 /* String+Extensions.swift in Sources */,
				88BA0B402771CE770093544E /* BaseView.swift in Sources */,
				880FC0352770966500491371 /* LaunchViewController.swift in Sources */,
				8850908D2770CBE90038B225 /* SharedCoordinator.swift in Sources */,
				88BA0B4C2771DE030093544E /* UIBarButtonItem+Extensions.swift in Sources */,
				88BA0B4A2771DA750093544E /* Services.swift in Sources */,
				8850908B2770CBE10038B225 /* BaseCoordinator.swift in Sources */,
				885090B82771003C0038B225 /* PageViewController.swift in Sources */,
				885090902770CE350038B225 /* HomeViewController.swift in Sources */,
				88BA0B442771D1E50093544E /* UIEdgeInsets+Extensions.swift in Sources */,
				885090AB2770E75E0038B225 /* OnboardingViewController.swift in Sources */,
				885090942770D52B0038B225 /* HomeViewModel.swift in Sources */,
				885090A72770E5AD0038B225 /* OnboardingViewModel.swift in Sources */,
				88BA0B4E2771E8BA0093544E /* OnboardingPageView.swift in Sources */,
				880FC03E2770972800491371 /* Coordinator.swift in Sources */,
				88BA0B462771D40B0093544E /* Haptic.swift in Sources */,
				8850909A2770DF400038B225 /* OnboardingCoordinator.swift in Sources */,
			);
			runOnlyForDeploymentPostprocessing = 0;
		};
/* End PBXSourcesBuildPhase section */

/* Begin XCBuildConfiguration section */
		88E0BB7D276B732700AA7511 /* Debug */ = {
			isa = XCBuildConfiguration;
			buildSettings = {
				ALWAYS_SEARCH_USER_PATHS = NO;
				CLANG_ANALYZER_NONNULL = YES;
				CLANG_ANALYZER_NUMBER_OBJECT_CONVERSION = YES_AGGRESSIVE;
				CLANG_CXX_LANGUAGE_STANDARD = "gnu++17";
				CLANG_CXX_LIBRARY = "libc++";
				CLANG_ENABLE_MODULES = YES;
				CLANG_ENABLE_OBJC_ARC = YES;
				CLANG_ENABLE_OBJC_WEAK = YES;
				CLANG_WARN_BLOCK_CAPTURE_AUTORELEASING = YES;
				CLANG_WARN_BOOL_CONVERSION = YES;
				CLANG_WARN_COMMA = YES;
				CLANG_WARN_CONSTANT_CONVERSION = YES;
				CLANG_WARN_DEPRECATED_OBJC_IMPLEMENTATIONS = YES;
				CLANG_WARN_DIRECT_OBJC_ISA_USAGE = YES_ERROR;
				CLANG_WARN_DOCUMENTATION_COMMENTS = YES;
				CLANG_WARN_EMPTY_BODY = YES;
				CLANG_WARN_ENUM_CONVERSION = YES;
				CLANG_WARN_INFINITE_RECURSION = YES;
				CLANG_WARN_INT_CONVERSION = YES;
				CLANG_WARN_NON_LITERAL_NULL_CONVERSION = YES;
				CLANG_WARN_OBJC_IMPLICIT_RETAIN_SELF = YES;
				CLANG_WARN_OBJC_LITERAL_CONVERSION = YES;
				CLANG_WARN_OBJC_ROOT_CLASS = YES_ERROR;
				CLANG_WARN_QUOTED_INCLUDE_IN_FRAMEWORK_HEADER = YES;
				CLANG_WARN_RANGE_LOOP_ANALYSIS = YES;
				CLANG_WARN_STRICT_PROTOTYPES = YES;
				CLANG_WARN_SUSPICIOUS_MOVE = YES;
				CLANG_WARN_UNGUARDED_AVAILABILITY = YES_AGGRESSIVE;
				CLANG_WARN_UNREACHABLE_CODE = YES;
				CLANG_WARN__DUPLICATE_METHOD_MATCH = YES;
				COPY_PHASE_STRIP = NO;
				DEBUG_INFORMATION_FORMAT = dwarf;
				ENABLE_STRICT_OBJC_MSGSEND = YES;
				ENABLE_TESTABILITY = YES;
				GCC_C_LANGUAGE_STANDARD = gnu11;
				GCC_DYNAMIC_NO_PIC = NO;
				GCC_NO_COMMON_BLOCKS = YES;
				GCC_OPTIMIZATION_LEVEL = 0;
				GCC_PREPROCESSOR_DEFINITIONS = (
					"DEBUG=1",
					"$(inherited)",
				);
				GCC_WARN_64_TO_32_BIT_CONVERSION = YES;
				GCC_WARN_ABOUT_RETURN_TYPE = YES_ERROR;
				GCC_WARN_UNDECLARED_SELECTOR = YES;
				GCC_WARN_UNINITIALIZED_AUTOS = YES_AGGRESSIVE;
				GCC_WARN_UNUSED_FUNCTION = YES;
				GCC_WARN_UNUSED_VARIABLE = YES;
				IPHONEOS_DEPLOYMENT_TARGET = 15.2;
				MTL_ENABLE_DEBUG_INFO = INCLUDE_SOURCE;
				MTL_FAST_MATH = YES;
				ONLY_ACTIVE_ARCH = YES;
				SDKROOT = iphoneos;
				SWIFT_ACTIVE_COMPILATION_CONDITIONS = DEBUG;
				SWIFT_OPTIMIZATION_LEVEL = "-Onone";
			};
			name = Debug;
		};
		88E0BB7E276B732700AA7511 /* Release */ = {
			isa = XCBuildConfiguration;
			buildSettings = {
				ALWAYS_SEARCH_USER_PATHS = NO;
				CLANG_ANALYZER_NONNULL = YES;
				CLANG_ANALYZER_NUMBER_OBJECT_CONVERSION = YES_AGGRESSIVE;
				CLANG_CXX_LANGUAGE_STANDARD = "gnu++17";
				CLANG_CXX_LIBRARY = "libc++";
				CLANG_ENABLE_MODULES = YES;
				CLANG_ENABLE_OBJC_ARC = YES;
				CLANG_ENABLE_OBJC_WEAK = YES;
				CLANG_WARN_BLOCK_CAPTURE_AUTORELEASING = YES;
				CLANG_WARN_BOOL_CONVERSION = YES;
				CLANG_WARN_COMMA = YES;
				CLANG_WARN_CONSTANT_CONVERSION = YES;
				CLANG_WARN_DEPRECATED_OBJC_IMPLEMENTATIONS = YES;
				CLANG_WARN_DIRECT_OBJC_ISA_USAGE = YES_ERROR;
				CLANG_WARN_DOCUMENTATION_COMMENTS = YES;
				CLANG_WARN_EMPTY_BODY = YES;
				CLANG_WARN_ENUM_CONVERSION = YES;
				CLANG_WARN_INFINITE_RECURSION = YES;
				CLANG_WARN_INT_CONVERSION = YES;
				CLANG_WARN_NON_LITERAL_NULL_CONVERSION = YES;
				CLANG_WARN_OBJC_IMPLICIT_RETAIN_SELF = YES;
				CLANG_WARN_OBJC_LITERAL_CONVERSION = YES;
				CLANG_WARN_OBJC_ROOT_CLASS = YES_ERROR;
				CLANG_WARN_QUOTED_INCLUDE_IN_FRAMEWORK_HEADER = YES;
				CLANG_WARN_RANGE_LOOP_ANALYSIS = YES;
				CLANG_WARN_STRICT_PROTOTYPES = YES;
				CLANG_WARN_SUSPICIOUS_MOVE = YES;
				CLANG_WARN_UNGUARDED_AVAILABILITY = YES_AGGRESSIVE;
				CLANG_WARN_UNREACHABLE_CODE = YES;
				CLANG_WARN__DUPLICATE_METHOD_MATCH = YES;
				COPY_PHASE_STRIP = NO;
				DEBUG_INFORMATION_FORMAT = "dwarf-with-dsym";
				ENABLE_NS_ASSERTIONS = NO;
				ENABLE_STRICT_OBJC_MSGSEND = YES;
				GCC_C_LANGUAGE_STANDARD = gnu11;
				GCC_NO_COMMON_BLOCKS = YES;
				GCC_WARN_64_TO_32_BIT_CONVERSION = YES;
				GCC_WARN_ABOUT_RETURN_TYPE = YES_ERROR;
				GCC_WARN_UNDECLARED_SELECTOR = YES;
				GCC_WARN_UNINITIALIZED_AUTOS = YES_AGGRESSIVE;
				GCC_WARN_UNUSED_FUNCTION = YES;
				GCC_WARN_UNUSED_VARIABLE = YES;
				IPHONEOS_DEPLOYMENT_TARGET = 15.2;
				MTL_ENABLE_DEBUG_INFO = NO;
				MTL_FAST_MATH = YES;
				SDKROOT = iphoneos;
				SWIFT_COMPILATION_MODE = wholemodule;
				SWIFT_OPTIMIZATION_LEVEL = "-O";
				VALIDATE_PRODUCT = YES;
			};
			name = Release;
		};
		88E0BB80276B732700AA7511 /* Debug */ = {
			isa = XCBuildConfiguration;
			buildSettings = {
				ASSETCATALOG_COMPILER_APPICON_NAME = AppIcon;
				ASSETCATALOG_COMPILER_GLOBAL_ACCENT_COLOR_NAME = AccentColor;
				CODE_SIGN_STYLE = Automatic;
				CURRENT_PROJECT_VERSION = 1;
				DEVELOPMENT_TEAM = VY8W2QLP9G;
				GENERATE_INFOPLIST_FILE = YES;
				INFOPLIST_FILE = CortinaGuide/Configuration/Info.plist;
				INFOPLIST_KEY_UIApplicationSupportsIndirectInputEvents = YES;
				INFOPLIST_KEY_UILaunchStoryboardName = LaunchScreen;
				INFOPLIST_KEY_UISupportedInterfaceOrientations_iPad = "UIInterfaceOrientationPortrait UIInterfaceOrientationPortraitUpsideDown UIInterfaceOrientationLandscapeLeft UIInterfaceOrientationLandscapeRight";
				INFOPLIST_KEY_UISupportedInterfaceOrientations_iPhone = "UIInterfaceOrientationPortrait UIInterfaceOrientationLandscapeLeft UIInterfaceOrientationLandscapeRight";
				IPHONEOS_DEPLOYMENT_TARGET = 15.0;
				LD_RUNPATH_SEARCH_PATHS = (
					"$(inherited)",
					"@executable_path/Frameworks",
				);
				MARKETING_VERSION = 1.0;
				PRODUCT_BUNDLE_IDENTIFIER = io.cortina.guide;
				PRODUCT_NAME = "$(TARGET_NAME)";
				SWIFT_EMIT_LOC_STRINGS = YES;
				SWIFT_VERSION = 5.0;
				TARGETED_DEVICE_FAMILY = "1,2";
			};
			name = Debug;
		};
		88E0BB81276B732700AA7511 /* Release */ = {
			isa = XCBuildConfiguration;
			buildSettings = {
				ASSETCATALOG_COMPILER_APPICON_NAME = AppIcon;
				ASSETCATALOG_COMPILER_GLOBAL_ACCENT_COLOR_NAME = AccentColor;
				CODE_SIGN_STYLE = Automatic;
				CURRENT_PROJECT_VERSION = 1;
				DEVELOPMENT_TEAM = VY8W2QLP9G;
				GENERATE_INFOPLIST_FILE = YES;
				INFOPLIST_FILE = CortinaGuide/Configuration/Info.plist;
				INFOPLIST_KEY_UIApplicationSupportsIndirectInputEvents = YES;
				INFOPLIST_KEY_UILaunchStoryboardName = LaunchScreen;
				INFOPLIST_KEY_UISupportedInterfaceOrientations_iPad = "UIInterfaceOrientationPortrait UIInterfaceOrientationPortraitUpsideDown UIInterfaceOrientationLandscapeLeft UIInterfaceOrientationLandscapeRight";
				INFOPLIST_KEY_UISupportedInterfaceOrientations_iPhone = "UIInterfaceOrientationPortrait UIInterfaceOrientationLandscapeLeft UIInterfaceOrientationLandscapeRight";
				IPHONEOS_DEPLOYMENT_TARGET = 15.0;
				LD_RUNPATH_SEARCH_PATHS = (
					"$(inherited)",
					"@executable_path/Frameworks",
				);
				MARKETING_VERSION = 1.0;
				PRODUCT_BUNDLE_IDENTIFIER = io.cortina.guide;
				PRODUCT_NAME = "$(TARGET_NAME)";
				SWIFT_EMIT_LOC_STRINGS = YES;
				SWIFT_VERSION = 5.0;
				TARGETED_DEVICE_FAMILY = "1,2";
			};
			name = Release;
		};
/* End XCBuildConfiguration section */

/* Begin XCConfigurationList section */
		88E0BB66276B732300AA7511 /* Build configuration list for PBXProject "CortinaGuide" */ = {
			isa = XCConfigurationList;
			buildConfigurations = (
				88E0BB7D276B732700AA7511 /* Debug */,
				88E0BB7E276B732700AA7511 /* Release */,
			);
			defaultConfigurationIsVisible = 0;
			defaultConfigurationName = Release;
		};
		88E0BB7F276B732700AA7511 /* Build configuration list for PBXNativeTarget "CortinaGuide" */ = {
			isa = XCConfigurationList;
			buildConfigurations = (
				88E0BB80276B732700AA7511 /* Debug */,
				88E0BB81276B732700AA7511 /* Release */,
			);
			defaultConfigurationIsVisible = 0;
			defaultConfigurationName = Release;
		};
/* End XCConfigurationList section */
	};
	rootObject = 88E0BB63276B732300AA7511 /* Project object */;
}
